
Microsoft Visual Studio Solution File, Format Version 12.00
# Visual Studio Version 16
VisualStudioVersion = 16.0.32228.343
MinimumVisualStudioVersion = 10.0.40219.1
Project("{FAE04EC0-301F-11D3-BF4B-00C04F79EFBC}") = "SWE_teamProject", "SWE_teamProject\SWE_teamProject.csproj", "{8B5A8FE9-9751-402D-9F5C-E4A1990F248D}"
EndProject
Global
	GlobalSection(SolutionConfigurationPlatforms) = preSolution
		Debug|Any CPU = Debug|Any CPU
		Release|Any CPU = Release|Any CPU
	EndGlobalSection
	GlobalSection(ProjectConfigurationPlatforms) = postSolution
		{8B5A8FE9-9751-402D-9F5C-E4A1990F248D}.Debug|Any CPU.ActiveCfg = Debug|Any CPU
		{8B5A8FE9-9751-402D-9F5C-E4A1990F248D}.Debug|Any CPU.Build.0 = Debug|Any CPU
		{8B5A8FE9-9751-402D-9F5C-E4A1990F248D}.Release|Any CPU.ActiveCfg = Release|Any CPU
		{8B5A8FE9-9751-402D-9F5C-E4A1990F248D}.Release|Any CPU.Build.0 = Release|Any CPU
	EndGlobalSection
	GlobalSection(SolutionProperties) = preSolution
		HideSolutionNode = FALSE
	EndGlobalSection
	GlobalSection(ExtensibilityGlobals) = postSolution
		SolutionGuid = {43DB522E-4023-4898-BCFA-26D95947637A}
	EndGlobalSection
EndGlobal
